PODS:
  - Alamofire (5.2.1)
  - Realm (5.0.1):
    - Realm/Headers (= 5.0.1)
  - Realm/Headers (5.0.1)
  - RealmSwift (5.0.1):
    - Realm (= 5.0.1)

DEPENDENCIES:
  - Alamofire (~> 5.2)
  - RealmSwift

SPEC REPOS:
  trunk:
    - Alamofire
    - Realm
    - RealmSwift

SPEC CHECKSUMS:
  Alamofire: e911732990610fe89af59ac0077f923d72dc3dfd
  Realm: d36cfc336d76d2e15b13651beb6050f49354de4b
  RealmSwift: f29ae0ceaf4fbaf4803c40bbebd838ea2beb903a

PODFILE CHECKSUM: 2d115eff8347c40d0d456a5b89233e0e4cc05cc4

COCOAPODS: 1.9.1
